
Microsoft Visual Studio Solution File, Format Version 12.00
# Visual Studio Version 16
VisualStudioVersion = 16.0.30804.86
MinimumVisualStudioVersion = 10.0.40219.1
Project("{9A19103F-16F7-4668-BE54-9A1E7A4F7556}") = "ThreeAmigos.Domain", "ThreeAmigos.Domain\ThreeAmigos.Domain.csproj", "{A7B9C76F-1091-4649-84F8-C1F0D05FCE17}"
EndProject
Project("{9A19103F-16F7-4668-BE54-9A1E7A4F7556}") = "ThreeAmigos.Persistance", "ThreeAmigos.Persistance\ThreeAmigos.Persistance.csproj", "{DCCA031E-0D7E-45F8-9638-8B2349E3820D}"
EndProject
Project("{9A19103F-16F7-4668-BE54-9A1E7A4F7556}") = "ThreeAmigos.UI", "ThreeAmigos.UI\ThreeAmigos.UI.csproj", "{3BC48A1D-7357-400D-8E0E-C81842D84606}"
EndProject
Global
	GlobalSection(SolutionConfigurationPlatforms) = preSolution
		Debug|Any CPU = Debug|Any CPU
		Release|Any CPU = Release|Any CPU
	EndGlobalSection
	GlobalSection(ProjectConfigurationPlatforms) = postSolution
		{A7B9C76F-1091-4649-84F8-C1F0D05FCE17}.Debug|Any CPU.ActiveCfg = Debug|Any CPU
		{A7B9C76F-1091-4649-84F8-C1F0D05FCE17}.Debug|Any CPU.Build.0 = Debug|Any CPU
		{A7B9C76F-1091-4649-84F8-C1F0D05FCE17}.Release|Any CPU.ActiveCfg = Release|Any CPU
		{A7B9C76F-1091-4649-84F8-C1F0D05FCE17}.Release|Any CPU.Build.0 = Release|Any CPU
		{DCCA031E-0D7E-45F8-9638-8B2349E3820D}.Debug|Any CPU.ActiveCfg = Debug|Any CPU
		{DCCA031E-0D7E-45F8-9638-8B2349E3820D}.Debug|Any CPU.Build.0 = Debug|Any CPU
		{DCCA031E-0D7E-45F8-9638-8B2349E3820D}.Release|Any CPU.ActiveCfg = Release|Any CPU
		{DCCA031E-0D7E-45F8-9638-8B2349E3820D}.Release|Any CPU.Build.0 = Release|Any CPU
		{3BC48A1D-7357-400D-8E0E-C81842D84606}.Debug|Any CPU.ActiveCfg = Debug|Any CPU
		{3BC48A1D-7357-400D-8E0E-C81842D84606}.Debug|Any CPU.Build.0 = Debug|Any CPU
		{3BC48A1D-7357-400D-8E0E-C81842D84606}.Release|Any CPU.ActiveCfg = Release|Any CPU
		{3BC48A1D-7357-400D-8E0E-C81842D84606}.Release|Any CPU.Build.0 = Release|Any CPU
	EndGlobalSection
	GlobalSection(SolutionProperties) = preSolution
		HideSolutionNode = FALSE
	EndGlobalSection
	GlobalSection(ExtensibilityGlobals) = postSolution
		SolutionGuid = {532BCA39-ADB4-4817-902E-BA402D520966}
	EndGlobalSection
EndGlobal
